
Microsoft Visual Studio Solution File, Format Version 12.00
# Visual Studio 15
VisualStudioVersion = 15.0.28307.271
MinimumVisualStudioVersion = 10.0.40219.1
Project("{159641D6-6404-4A2A-AE62-294DE0FE8301}") = "InvoiceDetails", "InvoiceDetails\InvoiceDetails.dtproj", "{1E3F2429-49A8-4F9A-AAF0-9215A432F429}"
EndProject
Global
	GlobalSection(SolutionConfigurationPlatforms) = preSolution
		Development|Default = Development|Default
	EndGlobalSection
	GlobalSection(ProjectConfigurationPlatforms) = postSolution
		{1E3F2429-49A8-4F9A-AAF0-9215A432F429}.Development|Default.ActiveCfg = Development
		{1E3F2429-49A8-4F9A-AAF0-9215A432F429}.Development|Default.Build.0 = Development
	EndGlobalSection
	GlobalSection(SolutionProperties) = preSolution
		HideSolutionNode = FALSE
	EndGlobalSection
	GlobalSection(ExtensibilityGlobals) = postSolution
		SolutionGuid = {2DA63807-AABF-45A2-95EB-1FB08F0B457A}
	EndGlobalSection
EndGlobal
